
Microsoft Visual Studio Solution File, Format Version 12.00
# Visual Studio Version 17
VisualStudioVersion = 17.0.32014.148
MinimumVisualStudioVersion = 10.0.40219.1
Project("{FAE04EC0-301F-11D3-BF4B-00C04F79EFBC}") = "gitDeneme", "gitDeneme\gitDeneme.csproj", "{7A9AF50C-4018-403A-AA5D-B2D5E4520FA6}"
EndProject
Global
	GlobalSection(SolutionConfigurationPlatforms) = preSolution
		Debug|Any CPU = Debug|Any CPU
		Release|Any CPU = Release|Any CPU
	EndGlobalSection
	GlobalSection(ProjectConfigurationPlatforms) = postSolution
		{7A9AF50C-4018-403A-AA5D-B2D5E4520FA6}.Debug|Any CPU.ActiveCfg = Debug|Any CPU
		{7A9AF50C-4018-403A-AA5D-B2D5E4520FA6}.Debug|Any CPU.Build.0 = Debug|Any CPU
		{7A9AF50C-4018-403A-AA5D-B2D5E4520FA6}.Release|Any CPU.ActiveCfg = Release|Any CPU
		{7A9AF50C-4018-403A-AA5D-B2D5E4520FA6}.Release|Any CPU.Build.0 = Release|Any CPU
	EndGlobalSection
	GlobalSection(SolutionProperties) = preSolution
		HideSolutionNode = FALSE
	EndGlobalSection
	GlobalSection(ExtensibilityGlobals) = postSolution
		SolutionGuid = {543B41E7-6FFD-4778-A298-AAFC21F60729}
	EndGlobalSection
EndGlobal
